// !$*UTF8*$!
{
	archiveVersion = 1;
	classes = {
	};
	objectVersion = 46;
	objects = {

/* Begin PBXBuildFile section */
		01634B1218F58CE1004AF981 /* VBPubSub.m in Sources */ = {isa = PBXBuildFile; fileRef = 01634B1118F58CE1004AF981 /* VBPubSub.m */; };
		018F0A3218F9E41500C0BBAF /* VBHUD.m in Sources */ = {isa = PBXBuildFile; fileRef = 018F0A3118F9E41500C0BBAF /* VBHUD.m */; };
		53DF4636A7E241D1AAB12B80 /* libPods.a in Frameworks */ = {isa = PBXBuildFile; fileRef = 257F18DBD9954D91A56D7EA7 /* libPods.a */; };
		9540B39218FB089F0031DF82 /* VBSourcesTitleView.xib in Resources */ = {isa = PBXBuildFile; fileRef = 9540B38F18FB089E0031DF82 /* VBSourcesTitleView.xib */; };
		9540B3A618FB19DE0031DF82 /* VBTranslationTitleView.m in Sources */ = {isa = PBXBuildFile; fileRef = 9540B39F18FB19DE0031DF82 /* VBTranslationTitleView.m */; };
		9540B3A718FB19DE0031DF82 /* VBTranslationTitleView.xib in Resources */ = {isa = PBXBuildFile; fileRef = 9540B3A018FB19DE0031DF82 /* VBTranslationTitleView.xib */; };
		9540B3A818FB19DE0031DF82 /* VBCheckinTitleView.xib in Resources */ = {isa = PBXBuildFile; fileRef = 9540B3A218FB19DE0031DF82 /* VBCheckinTitleView.xib */; };
		9540B3A918FB19DE0031DF82 /* VBCheckinTitleView.m in Sources */ = {isa = PBXBuildFile; fileRef = 9540B3A418FB19DE0031DF82 /* VBCheckinTitleView.m */; };
		95744E7D18FAE2F500E7644D /* UIImage+Overlay.m in Sources */ = {isa = PBXBuildFile; fileRef = 95744E7C18FAE2F500E7644D /* UIImage+Overlay.m */; };
		959B974718F3A30800F36182 /* VBNavigationController.m in Sources */ = {isa = PBXBuildFile; fileRef = 959B974518F3A30800F36182 /* VBNavigationController.m */; };
		959B974818F3A30800F36182 /* VBNavigationController.xib in Resources */ = {isa = PBXBuildFile; fileRef = 959B974618F3A30800F36182 /* VBNavigationController.xib */; };
		95C75A1818FB22B100838D68 /* VBSourcesTitleView.m in Sources */ = {isa = PBXBuildFile; fileRef = 95C75A1718FB22B100838D68 /* VBSourcesTitleView.m */; };
		C90F1E2818ED483B00F7503A /* Parse.framework in Frameworks */ = {isa = PBXBuildFile; fileRef = C90F1E2718ED483B00F7503A /* Parse.framework */; };
		C90F1E2A18ED485700F7503A /* CoreLocation.framework in Frameworks */ = {isa = PBXBuildFile; fileRef = C90F1E2918ED485700F7503A /* CoreLocation.framework */; };
		C90F1E2C18ED486200F7503A /* libz.dylib in Frameworks */ = {isa = PBXBuildFile; fileRef = C90F1E2B18ED486200F7503A /* libz.dylib */; };
		C90F1E2E18ED486B00F7503A /* MobileCoreServices.framework in Frameworks */ = {isa = PBXBuildFile; fileRef = C90F1E2D18ED486B00F7503A /* MobileCoreServices.framework */; };
		C90F1E3018ED487400F7503A /* QuartzCore.framework in Frameworks */ = {isa = PBXBuildFile; fileRef = C90F1E2F18ED487400F7503A /* QuartzCore.framework */; };
		C90F1E3218ED487E00F7503A /* StoreKit.framework in Frameworks */ = {isa = PBXBuildFile; fileRef = C90F1E3118ED487E00F7503A /* StoreKit.framework */; };
		C90F1E3518ED49A900F7503A /* VBParse.m in Sources */ = {isa = PBXBuildFile; fileRef = C90F1E3418ED49A900F7503A /* VBParse.m */; };
		C90F1E3918ED58E000F7503A /* VBWindow.m in Sources */ = {isa = PBXBuildFile; fileRef = C90F1E3818ED58E000F7503A /* VBWindow.m */; };
		C90F1E3C18ED59F000F7503A /* VBColor.m in Sources */ = {isa = PBXBuildFile; fileRef = C90F1E3B18ED59F000F7503A /* VBColor.m */; };
		C94BF86818ED63DE00E2CCE7 /* VBVenue.m in Sources */ = {isa = PBXBuildFile; fileRef = C94BF86718ED63DE00E2CCE7 /* VBVenue.m */; };
		C957DFF318F9F9F1000E95CA /* VBVenueTest.m in Sources */ = {isa = PBXBuildFile; fileRef = C957DFF218F9F9F1000E95CA /* VBVenueTest.m */; };
		C9671B4618EA1BF0003E8450 /* Foundation.framework in Frameworks */ = {isa = PBXBuildFile; fileRef = C9671B4518EA1BF0003E8450 /* Foundation.framework */; };
		C9671B4818EA1BF0003E8450 /* CoreGraphics.framework in Frameworks */ = {isa = PBXBuildFile; fileRef = C9671B4718EA1BF0003E8450 /* CoreGraphics.framework */; };
		C9671B4A18EA1BF0003E8450 /* UIKit.framework in Frameworks */ = {isa = PBXBuildFile; fileRef = C9671B4918EA1BF0003E8450 /* UIKit.framework */; };
		C9671B5018EA1BF0003E8450 /* InfoPlist.strings in Resources */ = {isa = PBXBuildFile; fileRef = C9671B4E18EA1BF0003E8450 /* InfoPlist.strings */; };
		C9671B5218EA1BF0003E8450 /* main.m in Sources */ = {isa = PBXBuildFile; fileRef = C9671B5118EA1BF0003E8450 /* main.m */; };
		C9671B5618EA1BF0003E8450 /* VBAppDelegate.m in Sources */ = {isa = PBXBuildFile; fileRef = C9671B5518EA1BF0003E8450 /* VBAppDelegate.m */; };
		C9671B5818EA1BF0003E8450 /* Images.xcassets in Resources */ = {isa = PBXBuildFile; fileRef = C9671B5718EA1BF0003E8450 /* Images.xcassets */; };
		C9671B7518EA1C12003E8450 /* AudioToolbox.framework in Frameworks */ = {isa = PBXBuildFile; fileRef = C9671B7418EA1C12003E8450 /* AudioToolbox.framework */; };
		C9671B7718EA1C1A003E8450 /* AVFoundation.framework in Frameworks */ = {isa = PBXBuildFile; fileRef = C9671B7618EA1C1A003E8450 /* AVFoundation.framework */; };
		C9671B7918EA1C44003E8450 /* CFNetwork.framework in Frameworks */ = {isa = PBXBuildFile; fileRef = C9671B7818EA1C44003E8450 /* CFNetwork.framework */; };
		C9671B7B18EA1C59003E8450 /* Security.framework in Frameworks */ = {isa = PBXBuildFile; fileRef = C9671B7A18EA1C59003E8450 /* Security.framework */; };
		C9671B7D18EA1C63003E8450 /* SystemConfiguration.framework in Frameworks */ = {isa = PBXBuildFile; fileRef = C9671B7C18EA1C63003E8450 /* SystemConfiguration.framework */; };
		C9671B7F18EA1CB1003E8450 /* SpeechKit.framework in Frameworks */ = {isa = PBXBuildFile; fileRef = C9671B7E18EA1CB1003E8450 /* SpeechKit.framework */; };
		C9671B9118EA1E2F003E8450 /* VBCaptionController.m in Sources */ = {isa = PBXBuildFile; fileRef = C9671B8C18EA1E2F003E8450 /* VBCaptionController.m */; };
		C9671B9218EA1E2F003E8450 /* VBCaptionController.xib in Resources */ = {isa = PBXBuildFile; fileRef = C9671B8D18EA1E2F003E8450 /* VBCaptionController.xib */; };
		C9671B9318EA1E2F003E8450 /* VBSpeechKit.m in Sources */ = {isa = PBXBuildFile; fileRef = C9671B9018EA1E2F003E8450 /* VBSpeechKit.m */; };
		C9B01B3C18F221CE0086E066 /* XCTest.framework in Frameworks */ = {isa = PBXBuildFile; fileRef = C9671B5E18EA1BF0003E8450 /* XCTest.framework */; };
		C9B01B3D18F221CE0086E066 /* Foundation.framework in Frameworks */ = {isa = PBXBuildFile; fileRef = C9671B4518EA1BF0003E8450 /* Foundation.framework */; };
		C9B01B3E18F221CE0086E066 /* UIKit.framework in Frameworks */ = {isa = PBXBuildFile; fileRef = C9671B4918EA1BF0003E8450 /* UIKit.framework */; };
		C9B01B4418F221CE0086E066 /* InfoPlist.strings in Resources */ = {isa = PBXBuildFile; fileRef = C9B01B4218F221CE0086E066 /* InfoPlist.strings */; };
		C9B01B4D18F223100086E066 /* Parse.framework in Frameworks */ = {isa = PBXBuildFile; fileRef = C90F1E2718ED483B00F7503A /* Parse.framework */; };
		C9B01B5218F27DFA0086E066 /* VBFoursquare.m in Sources */ = {isa = PBXBuildFile; fileRef = C9B01B5118F27DFA0086E066 /* VBFoursquare.m */; };
		C9B01B5818F286CB0086E066 /* VBFoursquareTests.m in Sources */ = {isa = PBXBuildFile; fileRef = C9B01B5718F286CB0086E066 /* VBFoursquareTests.m */; };
		C9B01B5C18F3C6690086E066 /* VBInputSourceManager.m in Sources */ = {isa = PBXBuildFile; fileRef = C9B01B5B18F3C6690086E066 /* VBInputSourceManager.m */; };
		C9BC304018F648E30065EDA8 /* VBUserTests.m in Sources */ = {isa = PBXBuildFile; fileRef = C9BC303F18F648E30065EDA8 /* VBUserTests.m */; };
		C9BC304318F68EFB0065EDA8 /* VBFoursquareObject.m in Sources */ = {isa = PBXBuildFile; fileRef = C9BC304218F68EFB0065EDA8 /* VBFoursquareObject.m */; };
		C9C56D0918F3DF73009FFB55 /* XCTestCase+AsyncTesting.m in Sources */ = {isa = PBXBuildFile; fileRef = C9C56D0818F3DF73009FFB55 /* XCTestCase+AsyncTesting.m */; };
		C9C56D0C18F403C2009FFB55 /* VBUser.m in Sources */ = {isa = PBXBuildFile; fileRef = C9C56D0B18F403C2009FFB55 /* VBUser.m */; };
/* End PBXBuildFile section */

/* Begin PBXContainerItemProxy section */
		C9B01B4818F221CE0086E066 /* PBXContainerItemProxy */ = {
			isa = PBXContainerItemProxy;
			containerPortal = C9671B3A18EA1BF0003E8450 /* Project object */;
			proxyType = 1;
			remoteGlobalIDString = C9671B4118EA1BF0003E8450;
			remoteInfo = verbatim;
		};
/* End PBXContainerItemProxy section */

/* Begin PBXFileReference section */
		01634B1018F58CE1004AF981 /* VBPubSub.h */ = {isa = PBXFileReference; fileEncoding = 4; lastKnownFileType = sourcecode.c.h; path = VBPubSub.h; sourceTree = "<group>"; };
		01634B1118F58CE1004AF981 /* VBPubSub.m */ = {isa = PBXFileReference; fileEncoding = 4; lastKnownFileType = sourcecode.c.objc; path = VBPubSub.m; sourceTree = "<group>"; };
		018F0A3018F9E41500C0BBAF /* VBHUD.h */ = {isa = PBXFileReference; fileEncoding = 4; lastKnownFileType = sourcecode.c.h; path = VBHUD.h; sourceTree = "<group>"; };
		018F0A3118F9E41500C0BBAF /* VBHUD.m */ = {isa = PBXFileReference; fileEncoding = 4; lastKnownFileType = sourcecode.c.objc; path = VBHUD.m; sourceTree = "<group>"; };
		257F18DBD9954D91A56D7EA7 /* libPods.a */ = {isa = PBXFileReference; explicitFileType = archive.ar; includeInIndex = 0; path = libPods.a; sourceTree = BUILT_PRODUCTS_DIR; };
		5C0E8333783943969D40AD4C /* Pods.xcconfig */ = {isa = PBXFileReference; includeInIndex = 1; lastKnownFileType = text.xcconfig; name = Pods.xcconfig; path = Pods/Pods.xcconfig; sourceTree = "<group>"; };
		9540B38F18FB089E0031DF82 /* VBSourcesTitleView.xib */ = {isa = PBXFileReference; fileEncoding = 4; lastKnownFileType = file.xib; name = VBSourcesTitleView.xib; path = views/VBSourcesTitleView.xib; sourceTree = "<group>"; };
		9540B39E18FB19DE0031DF82 /* VBTranslationTitleView.h */ = {isa = PBXFileReference; fileEncoding = 4; lastKnownFileType = sourcecode.c.h; name = VBTranslationTitleView.h; path = views/VBTranslationTitleView.h; sourceTree = "<group>"; };
		9540B39F18FB19DE0031DF82 /* VBTranslationTitleView.m */ = {isa = PBXFileReference; fileEncoding = 4; lastKnownFileType = sourcecode.c.objc; name = VBTranslationTitleView.m; path = views/VBTranslationTitleView.m; sourceTree = "<group>"; };
		9540B3A018FB19DE0031DF82 /* VBTranslationTitleView.xib */ = {isa = PBXFileReference; fileEncoding = 4; lastKnownFileType = file.xib; name = VBTranslationTitleView.xib; path = views/VBTranslationTitleView.xib; sourceTree = "<group>"; };
		9540B3A118FB19DE0031DF82 /* VBMenuNavigationState.h */ = {isa = PBXFileReference; fileEncoding = 4; lastKnownFileType = sourcecode.c.h; name = VBMenuNavigationState.h; path = views/VBMenuNavigationState.h; sourceTree = "<group>"; };
		9540B3A218FB19DE0031DF82 /* VBCheckinTitleView.xib */ = {isa = PBXFileReference; fileEncoding = 4; lastKnownFileType = file.xib; name = VBCheckinTitleView.xib; path = views/VBCheckinTitleView.xib; sourceTree = "<group>"; };
		9540B3A318FB19DE0031DF82 /* VBCheckinTitleView.h */ = {isa = PBXFileReference; fileEncoding = 4; lastKnownFileType = sourcecode.c.h; name = VBCheckinTitleView.h; path = views/VBCheckinTitleView.h; sourceTree = "<group>"; };
		9540B3A418FB19DE0031DF82 /* VBCheckinTitleView.m */ = {isa = PBXFileReference; fileEncoding = 4; lastKnownFileType = sourcecode.c.objc; name = VBCheckinTitleView.m; path = views/VBCheckinTitleView.m; sourceTree = "<group>"; };
		95744E7B18FAE2F500E7644D /* UIImage+Overlay.h */ = {isa = PBXFileReference; fileEncoding = 4; lastKnownFileType = sourcecode.c.h; path = "UIImage+Overlay.h"; sourceTree = "<group>"; };
		95744E7C18FAE2F500E7644D /* UIImage+Overlay.m */ = {isa = PBXFileReference; fileEncoding = 4; lastKnownFileType = sourcecode.c.objc; path = "UIImage+Overlay.m"; sourceTree = "<group>"; };
		959B974418F3A30800F36182 /* VBNavigationController.h */ = {isa = PBXFileReference; fileEncoding = 4; lastKnownFileType = sourcecode.c.h; path = VBNavigationController.h; sourceTree = "<group>"; };
		959B974518F3A30800F36182 /* VBNavigationController.m */ = {isa = PBXFileReference; fileEncoding = 4; lastKnownFileType = sourcecode.c.objc; path = VBNavigationController.m; sourceTree = "<group>"; };
		959B974618F3A30800F36182 /* VBNavigationController.xib */ = {isa = PBXFileReference; fileEncoding = 4; lastKnownFileType = file.xib; path = VBNavigationController.xib; sourceTree = "<group>"; };
		95C75A1618FB22B100838D68 /* VBSourcesTitleView.h */ = {isa = PBXFileReference; fileEncoding = 4; lastKnownFileType = sourcecode.c.h; name = VBSourcesTitleView.h; path = views/VBSourcesTitleView.h; sourceTree = "<group>"; };
		95C75A1718FB22B100838D68 /* VBSourcesTitleView.m */ = {isa = PBXFileReference; fileEncoding = 4; lastKnownFileType = sourcecode.c.objc; name = VBSourcesTitleView.m; path = views/VBSourcesTitleView.m; sourceTree = "<group>"; };
		C90F1E2718ED483B00F7503A /* Parse.framework */ = {isa = PBXFileReference; lastKnownFileType = wrapper.framework; name = Parse.framework; path = Frameworks/Parse.framework; sourceTree = "<group>"; };
		C90F1E2918ED485700F7503A /* CoreLocation.framework */ = {isa = PBXFileReference; lastKnownFileType = wrapper.framework; name = CoreLocation.framework; path = System/Library/Frameworks/CoreLocation.framework; sourceTree = SDKROOT; };
		C90F1E2B18ED486200F7503A /* libz.dylib */ = {isa = PBXFileReference; lastKnownFileType = "compiled.mach-o.dylib"; name = libz.dylib; path = usr/lib/libz.dylib; sourceTree = SDKROOT; };
		C90F1E2D18ED486B00F7503A /* MobileCoreServices.framework */ = {isa = PBXFileReference; lastKnownFileType = wrapper.framework; name = MobileCoreServices.framework; path = System/Library/Frameworks/MobileCoreServices.framework; sourceTree = SDKROOT; };
		C90F1E2F18ED487400F7503A /* QuartzCore.framework */ = {isa = PBXFileReference; lastKnownFileType = wrapper.framework; name = QuartzCore.framework; path = System/Library/Frameworks/QuartzCore.framework; sourceTree = SDKROOT; };
		C90F1E3118ED487E00F7503A /* StoreKit.framework */ = {isa = PBXFileReference; lastKnownFileType = wrapper.framework; name = StoreKit.framework; path = System/Library/Frameworks/StoreKit.framework; sourceTree = SDKROOT; };
		C90F1E3318ED49A900F7503A /* VBParse.h */ = {isa = PBXFileReference; fileEncoding = 4; lastKnownFileType = sourcecode.c.h; path = VBParse.h; sourceTree = "<group>"; };
		C90F1E3418ED49A900F7503A /* VBParse.m */ = {isa = PBXFileReference; fileEncoding = 4; lastKnownFileType = sourcecode.c.objc; path = VBParse.m; sourceTree = "<group>"; };
		C90F1E3718ED58E000F7503A /* VBWindow.h */ = {isa = PBXFileReference; fileEncoding = 4; lastKnownFileType = sourcecode.c.h; name = VBWindow.h; path = views/VBWindow.h; sourceTree = "<group>"; };
		C90F1E3818ED58E000F7503A /* VBWindow.m */ = {isa = PBXFileReference; fileEncoding = 4; lastKnownFileType = sourcecode.c.objc; name = VBWindow.m; path = views/VBWindow.m; sourceTree = "<group>"; };
		C90F1E3A18ED59F000F7503A /* VBColor.h */ = {isa = PBXFileReference; fileEncoding = 4; lastKnownFileType = sourcecode.c.h; name = VBColor.h; path = views/VBColor.h; sourceTree = "<group>"; };
		C90F1E3B18ED59F000F7503A /* VBColor.m */ = {isa = PBXFileReference; fileEncoding = 4; lastKnownFileType = sourcecode.c.objc; name = VBColor.m; path = views/VBColor.m; sourceTree = "<group>"; };
		C94BF86618ED63DE00E2CCE7 /* VBVenue.h */ = {isa = PBXFileReference; fileEncoding = 4; lastKnownFileType = sourcecode.c.h; name = VBVenue.h; path = models/VBVenue.h; sourceTree = "<group>"; };
		C94BF86718ED63DE00E2CCE7 /* VBVenue.m */ = {isa = PBXFileReference; fileEncoding = 4; lastKnownFileType = sourcecode.c.objc; name = VBVenue.m; path = models/VBVenue.m; sourceTree = "<group>"; };
		C957DFF218F9F9F1000E95CA /* VBVenueTest.m */ = {isa = PBXFileReference; fileEncoding = 4; lastKnownFileType = sourcecode.c.objc; path = VBVenueTest.m; sourceTree = "<group>"; };
		C9671B4218EA1BF0003E8450 /* verbatim.app */ = {isa = PBXFileReference; explicitFileType = wrapper.application; includeInIndex = 0; path = verbatim.app; sourceTree = BUILT_PRODUCTS_DIR; };
		C9671B4518EA1BF0003E8450 /* Foundation.framework */ = {isa = PBXFileReference; lastKnownFileType = wrapper.framework; name = Foundation.framework; path = System/Library/Frameworks/Foundation.framework; sourceTree = SDKROOT; };
		C9671B4718EA1BF0003E8450 /* CoreGraphics.framework */ = {isa = PBXFileReference; lastKnownFileType = wrapper.framework; name = CoreGraphics.framework; path = System/Library/Frameworks/CoreGraphics.framework; sourceTree = SDKROOT; };
		C9671B4918EA1BF0003E8450 /* UIKit.framework */ = {isa = PBXFileReference; lastKnownFileType = wrapper.framework; name = UIKit.framework; path = System/Library/Frameworks/UIKit.framework; sourceTree = SDKROOT; };
		C9671B4D18EA1BF0003E8450 /* verbatim-Info.plist */ = {isa = PBXFileReference; lastKnownFileType = text.plist.xml; path = "verbatim-Info.plist"; sourceTree = "<group>"; };
		C9671B4F18EA1BF0003E8450 /* en */ = {isa = PBXFileReference; lastKnownFileType = text.plist.strings; name = en; path = en.lproj/InfoPlist.strings; sourceTree = "<group>"; };
		C9671B5118EA1BF0003E8450 /* main.m */ = {isa = PBXFileReference; lastKnownFileType = sourcecode.c.objc; path = main.m; sourceTree = "<group>"; };
		C9671B5318EA1BF0003E8450 /* verbatim-Prefix.pch */ = {isa = PBXFileReference; lastKnownFileType = sourcecode.c.h; path = "verbatim-Prefix.pch"; sourceTree = "<group>"; };
		C9671B5418EA1BF0003E8450 /* VBAppDelegate.h */ = {isa = PBXFileReference; lastKnownFileType = sourcecode.c.h; path = VBAppDelegate.h; sourceTree = "<group>"; };
		C9671B5518EA1BF0003E8450 /* VBAppDelegate.m */ = {isa = PBXFileReference; lastKnownFileType = sourcecode.c.objc; path = VBAppDelegate.m; sourceTree = "<group>"; };
		C9671B5718EA1BF0003E8450 /* Images.xcassets */ = {isa = PBXFileReference; lastKnownFileType = folder.assetcatalog; path = Images.xcassets; sourceTree = "<group>"; };
		C9671B5E18EA1BF0003E8450 /* XCTest.framework */ = {isa = PBXFileReference; lastKnownFileType = wrapper.framework; name = XCTest.framework; path = Library/Frameworks/XCTest.framework; sourceTree = DEVELOPER_DIR; };
		C9671B7418EA1C12003E8450 /* AudioToolbox.framework */ = {isa = PBXFileReference; lastKnownFileType = wrapper.framework; name = AudioToolbox.framework; path = System/Library/Frameworks/AudioToolbox.framework; sourceTree = SDKROOT; };
		C9671B7618EA1C1A003E8450 /* AVFoundation.framework */ = {isa = PBXFileReference; lastKnownFileType = wrapper.framework; name = AVFoundation.framework; path = System/Library/Frameworks/AVFoundation.framework; sourceTree = SDKROOT; };
		C9671B7818EA1C44003E8450 /* CFNetwork.framework */ = {isa = PBXFileReference; lastKnownFileType = wrapper.framework; name = CFNetwork.framework; path = System/Library/Frameworks/CFNetwork.framework; sourceTree = SDKROOT; };
		C9671B7A18EA1C59003E8450 /* Security.framework */ = {isa = PBXFileReference; lastKnownFileType = wrapper.framework; name = Security.framework; path = System/Library/Frameworks/Security.framework; sourceTree = SDKROOT; };
		C9671B7C18EA1C63003E8450 /* SystemConfiguration.framework */ = {isa = PBXFileReference; lastKnownFileType = wrapper.framework; name = SystemConfiguration.framework; path = System/Library/Frameworks/SystemConfiguration.framework; sourceTree = SDKROOT; };
		C9671B7E18EA1CB1003E8450 /* SpeechKit.framework */ = {isa = PBXFileReference; lastKnownFileType = wrapper.framework; name = SpeechKit.framework; path = Frameworks/SpeechKit.framework; sourceTree = "<group>"; };
		C9671B8B18EA1E2F003E8450 /* VBCaptionController.h */ = {isa = PBXFileReference; fileEncoding = 4; lastKnownFileType = sourcecode.c.h; path = VBCaptionController.h; sourceTree = "<group>"; };
		C9671B8C18EA1E2F003E8450 /* VBCaptionController.m */ = {isa = PBXFileReference; fileEncoding = 4; lastKnownFileType = sourcecode.c.objc; path = VBCaptionController.m; sourceTree = "<group>"; };
		C9671B8D18EA1E2F003E8450 /* VBCaptionController.xib */ = {isa = PBXFileReference; fileEncoding = 4; lastKnownFileType = file.xib; path = VBCaptionController.xib; sourceTree = "<group>"; };
		C9671B8F18EA1E2F003E8450 /* VBSpeechKit.h */ = {isa = PBXFileReference; fileEncoding = 4; lastKnownFileType = sourcecode.c.h; path = VBSpeechKit.h; sourceTree = "<group>"; };
		C9671B9018EA1E2F003E8450 /* VBSpeechKit.m */ = {isa = PBXFileReference; fileEncoding = 4; lastKnownFileType = sourcecode.c.objc; path = VBSpeechKit.m; sourceTree = "<group>"; };
		C9B01B3B18F221CE0086E066 /* verbatimTests.xctest */ = {isa = PBXFileReference; explicitFileType = wrapper.cfbundle; includeInIndex = 0; path = verbatimTests.xctest; sourceTree = BUILT_PRODUCTS_DIR; };
		C9B01B4118F221CE0086E066 /* verbatimTests-Info.plist */ = {isa = PBXFileReference; lastKnownFileType = text.plist.xml; path = "verbatimTests-Info.plist"; sourceTree = "<group>"; };
		C9B01B4318F221CE0086E066 /* en */ = {isa = PBXFileReference; lastKnownFileType = text.plist.strings; name = en; path = en.lproj/InfoPlist.strings; sourceTree = "<group>"; };
		C9B01B4718F221CE0086E066 /* verbatimTests-Prefix.pch */ = {isa = PBXFileReference; lastKnownFileType = sourcecode.c.h; path = "verbatimTests-Prefix.pch"; sourceTree = "<group>"; };
		C9B01B5018F27DFA0086E066 /* VBFoursquare.h */ = {isa = PBXFileReference; fileEncoding = 4; lastKnownFileType = sourcecode.c.h; path = VBFoursquare.h; sourceTree = "<group>"; };
		C9B01B5118F27DFA0086E066 /* VBFoursquare.m */ = {isa = PBXFileReference; fileEncoding = 4; lastKnownFileType = sourcecode.c.objc; path = VBFoursquare.m; sourceTree = "<group>"; };
		C9B01B5718F286CB0086E066 /* VBFoursquareTests.m */ = {isa = PBXFileReference; fileEncoding = 4; lastKnownFileType = sourcecode.c.objc; path = VBFoursquareTests.m; sourceTree = "<group>"; };
		C9B01B5A18F3C6690086E066 /* VBInputSourceManager.h */ = {isa = PBXFileReference; fileEncoding = 4; lastKnownFileType = sourcecode.c.h; path = VBInputSourceManager.h; sourceTree = "<group>"; };
		C9B01B5B18F3C6690086E066 /* VBInputSourceManager.m */ = {isa = PBXFileReference; fileEncoding = 4; lastKnownFileType = sourcecode.c.objc; path = VBInputSourceManager.m; sourceTree = "<group>"; };
		C9BC303F18F648E30065EDA8 /* VBUserTests.m */ = {isa = PBXFileReference; fileEncoding = 4; lastKnownFileType = sourcecode.c.objc; path = VBUserTests.m; sourceTree = "<group>"; };
		C9BC304118F68EFB0065EDA8 /* VBFoursquareObject.h */ = {isa = PBXFileReference; fileEncoding = 4; lastKnownFileType = sourcecode.c.h; path = VBFoursquareObject.h; sourceTree = "<group>"; };
		C9BC304218F68EFB0065EDA8 /* VBFoursquareObject.m */ = {isa = PBXFileReference; fileEncoding = 4; lastKnownFileType = sourcecode.c.objc; path = VBFoursquareObject.m; sourceTree = "<group>"; };
		C9C56D0718F3DF73009FFB55 /* XCTestCase+AsyncTesting.h */ = {isa = PBXFileReference; fileEncoding = 4; lastKnownFileType = sourcecode.c.h; path = "XCTestCase+AsyncTesting.h"; sourceTree = "<group>"; };
		C9C56D0818F3DF73009FFB55 /* XCTestCase+AsyncTesting.m */ = {isa = PBXFileReference; fileEncoding = 4; lastKnownFileType = sourcecode.c.objc; path = "XCTestCase+AsyncTesting.m"; sourceTree = "<group>"; };
		C9C56D0A18F403C2009FFB55 /* VBUser.h */ = {isa = PBXFileReference; fileEncoding = 4; lastKnownFileType = sourcecode.c.h; name = VBUser.h; path = models/VBUser.h; sourceTree = "<group>"; };
		C9C56D0B18F403C2009FFB55 /* VBUser.m */ = {isa = PBXFileReference; fileEncoding = 4; lastKnownFileType = sourcecode.c.objc; name = VBUser.m; path = models/VBUser.m; sourceTree = "<group>"; };
/* End PBXFileReference section */

/* Begin PBXFrameworksBuildPhase section */
		C9671B3F18EA1BF0003E8450 /* Frameworks */ = {
			isa = PBXFrameworksBuildPhase;
			buildActionMask = 2147483647;
			files = (
				C90F1E3218ED487E00F7503A /* StoreKit.framework in Frameworks */,
				C90F1E3018ED487400F7503A /* QuartzCore.framework in Frameworks */,
				C90F1E2E18ED486B00F7503A /* MobileCoreServices.framework in Frameworks */,
				C90F1E2C18ED486200F7503A /* libz.dylib in Frameworks */,
				C90F1E2A18ED485700F7503A /* CoreLocation.framework in Frameworks */,
				C9671B7F18EA1CB1003E8450 /* SpeechKit.framework in Frameworks */,
				C9671B7D18EA1C63003E8450 /* SystemConfiguration.framework in Frameworks */,
				C9671B7B18EA1C59003E8450 /* Security.framework in Frameworks */,
				C9671B4818EA1BF0003E8450 /* CoreGraphics.framework in Frameworks */,
				C9671B7918EA1C44003E8450 /* CFNetwork.framework in Frameworks */,
				C9671B7718EA1C1A003E8450 /* AVFoundation.framework in Frameworks */,
				C90F1E2818ED483B00F7503A /* Parse.framework in Frameworks */,
				C9671B7518EA1C12003E8450 /* AudioToolbox.framework in Frameworks */,
				C9671B4A18EA1BF0003E8450 /* UIKit.framework in Frameworks */,
				C9671B4618EA1BF0003E8450 /* Foundation.framework in Frameworks */,
				53DF4636A7E241D1AAB12B80 /* libPods.a in Frameworks */,
			);
			runOnlyForDeploymentPostprocessing = 0;
		};
		C9B01B3818F221CE0086E066 /* Frameworks */ = {
			isa = PBXFrameworksBuildPhase;
			buildActionMask = 2147483647;
			files = (
				C9B01B4D18F223100086E066 /* Parse.framework in Frameworks */,
				C9B01B3C18F221CE0086E066 /* XCTest.framework in Frameworks */,
				C9B01B3E18F221CE0086E066 /* UIKit.framework in Frameworks */,
				C9B01B3D18F221CE0086E066 /* Foundation.framework in Frameworks */,
			);
			runOnlyForDeploymentPostprocessing = 0;
		};
/* End PBXFrameworksBuildPhase section */

/* Begin PBXGroup section */
		C90F1E2618ED462700F7503A /* models */ = {
			isa = PBXGroup;
			children = (
				C9C56D0A18F403C2009FFB55 /* VBUser.h */,
				C9C56D0B18F403C2009FFB55 /* VBUser.m */,
				C94BF86618ED63DE00E2CCE7 /* VBVenue.h */,
				C94BF86718ED63DE00E2CCE7 /* VBVenue.m */,
				C9BC304118F68EFB0065EDA8 /* VBFoursquareObject.h */,
				C9BC304218F68EFB0065EDA8 /* VBFoursquareObject.m */,
			);
			name = models;
			sourceTree = "<group>";
		};
		C90F1E3618ED587000F7503A /* views */ = {
			isa = PBXGroup;
			children = (
				9540B39E18FB19DE0031DF82 /* VBTranslationTitleView.h */,
				9540B39F18FB19DE0031DF82 /* VBTranslationTitleView.m */,
				9540B3A018FB19DE0031DF82 /* VBTranslationTitleView.xib */,
				9540B3A118FB19DE0031DF82 /* VBMenuNavigationState.h */,
				9540B3A218FB19DE0031DF82 /* VBCheckinTitleView.xib */,
				9540B3A318FB19DE0031DF82 /* VBCheckinTitleView.h */,
				9540B3A418FB19DE0031DF82 /* VBCheckinTitleView.m */,
				C90F1E3718ED58E000F7503A /* VBWindow.h */,
				C90F1E3818ED58E000F7503A /* VBWindow.m */,
				C90F1E3A18ED59F000F7503A /* VBColor.h */,
				C90F1E3B18ED59F000F7503A /* VBColor.m */,
				95C75A1618FB22B100838D68 /* VBSourcesTitleView.h */,
				95C75A1718FB22B100838D68 /* VBSourcesTitleView.m */,
				9540B38F18FB089E0031DF82 /* VBSourcesTitleView.xib */,
			);
			name = views;
			sourceTree = "<group>";
		};
		C9671B3918EA1BF0003E8450 = {
			isa = PBXGroup;
			children = (
				C9671B4B18EA1BF0003E8450 /* verbatim */,
				C9B01B3F18F221CE0086E066 /* verbatimTests */,
				C9671B4418EA1BF0003E8450 /* Frameworks */,
				C9671B4318EA1BF0003E8450 /* Products */,
				5C0E8333783943969D40AD4C /* Pods.xcconfig */,
			);
			sourceTree = "<group>";
		};
		C9671B4318EA1BF0003E8450 /* Products */ = {
			isa = PBXGroup;
			children = (
				C9671B4218EA1BF0003E8450 /* verbatim.app */,
				C9B01B3B18F221CE0086E066 /* verbatimTests.xctest */,
			);
			name = Products;
			sourceTree = "<group>";
		};
		C9671B4418EA1BF0003E8450 /* Frameworks */ = {
			isa = PBXGroup;
			children = (
				C90F1E2B18ED486200F7503A /* libz.dylib */,
				C90F1E3118ED487E00F7503A /* StoreKit.framework */,
				C90F1E2F18ED487400F7503A /* QuartzCore.framework */,
				C90F1E2D18ED486B00F7503A /* MobileCoreServices.framework */,
				C90F1E2918ED485700F7503A /* CoreLocation.framework */,
				C90F1E2718ED483B00F7503A /* Parse.framework */,
				C9671B7E18EA1CB1003E8450 /* SpeechKit.framework */,
				C9671B7C18EA1C63003E8450 /* SystemConfiguration.framework */,
				C9671B7A18EA1C59003E8450 /* Security.framework */,
				C9671B7818EA1C44003E8450 /* CFNetwork.framework */,
				C9671B7618EA1C1A003E8450 /* AVFoundation.framework */,
				C9671B7418EA1C12003E8450 /* AudioToolbox.framework */,
				C9671B4518EA1BF0003E8450 /* Foundation.framework */,
				C9671B4718EA1BF0003E8450 /* CoreGraphics.framework */,
				C9671B4918EA1BF0003E8450 /* UIKit.framework */,
				C9671B5E18EA1BF0003E8450 /* XCTest.framework */,
				257F18DBD9954D91A56D7EA7 /* libPods.a */,
			);
			name = Frameworks;
			sourceTree = "<group>";
		};
		C9671B4B18EA1BF0003E8450 /* verbatim */ = {
			isa = PBXGroup;
			children = (
				C90F1E3618ED587000F7503A /* views */,
				C90F1E2618ED462700F7503A /* models */,
				C9671B8A18EA1E2F003E8450 /* controllers */,
				C9671B8E18EA1E2F003E8450 /* core */,
				C9671B5418EA1BF0003E8450 /* VBAppDelegate.h */,
				C9671B5518EA1BF0003E8450 /* VBAppDelegate.m */,
				C9671B5718EA1BF0003E8450 /* Images.xcassets */,
				C9671B4C18EA1BF0003E8450 /* Supporting Files */,
			);
			path = verbatim;
			sourceTree = "<group>";
		};
		C9671B4C18EA1BF0003E8450 /* Supporting Files */ = {
			isa = PBXGroup;
			children = (
				C9671B4D18EA1BF0003E8450 /* verbatim-Info.plist */,
				C9671B4E18EA1BF0003E8450 /* InfoPlist.strings */,
				C9671B5118EA1BF0003E8450 /* main.m */,
				C9671B5318EA1BF0003E8450 /* verbatim-Prefix.pch */,
			);
			name = "Supporting Files";
			sourceTree = "<group>";
		};
		C9671B8A18EA1E2F003E8450 /* controllers */ = {
			isa = PBXGroup;
			children = (
				C9671B8B18EA1E2F003E8450 /* VBCaptionController.h */,
				C9671B8C18EA1E2F003E8450 /* VBCaptionController.m */,
				C9671B8D18EA1E2F003E8450 /* VBCaptionController.xib */,
				959B974418F3A30800F36182 /* VBNavigationController.h */,
				959B974518F3A30800F36182 /* VBNavigationController.m */,
				959B974618F3A30800F36182 /* VBNavigationController.xib */,
			);
			path = controllers;
			sourceTree = "<group>";
		};
		C9671B8E18EA1E2F003E8450 /* core */ = {
			isa = PBXGroup;
			children = (
				C9B01B5A18F3C6690086E066 /* VBInputSourceManager.h */,
				C9B01B5B18F3C6690086E066 /* VBInputSourceManager.m */,
				C9671B8F18EA1E2F003E8450 /* VBSpeechKit.h */,
				C9671B9018EA1E2F003E8450 /* VBSpeechKit.m */,
				C90F1E3318ED49A900F7503A /* VBParse.h */,
				C90F1E3418ED49A900F7503A /* VBParse.m */,
				C9B01B5018F27DFA0086E066 /* VBFoursquare.h */,
				C9B01B5118F27DFA0086E066 /* VBFoursquare.m */,
				01634B1018F58CE1004AF981 /* VBPubSub.h */,
				01634B1118F58CE1004AF981 /* VBPubSub.m */,
				018F0A3018F9E41500C0BBAF /* VBHUD.h */,
				018F0A3118F9E41500C0BBAF /* VBHUD.m */,
				95744E7B18FAE2F500E7644D /* UIImage+Overlay.h */,
				95744E7C18FAE2F500E7644D /* UIImage+Overlay.m */,
			);
			path = core;
			sourceTree = "<group>";
		};
		C9B01B3F18F221CE0086E066 /* verbatimTests */ = {
			isa = PBXGroup;
			children = (
				C9B01B5718F286CB0086E066 /* VBFoursquareTests.m */,
				C9B01B4018F221CE0086E066 /* Supporting Files */,
				C9BC303F18F648E30065EDA8 /* VBUserTests.m */,
				C957DFF218F9F9F1000E95CA /* VBVenueTest.m */,
			);
			path = verbatimTests;
			sourceTree = "<group>";
		};
		C9B01B4018F221CE0086E066 /* Supporting Files */ = {
			isa = PBXGroup;
			children = (
				C9C56D0718F3DF73009FFB55 /* XCTestCase+AsyncTesting.h */,
				C9C56D0818F3DF73009FFB55 /* XCTestCase+AsyncTesting.m */,
				C9B01B4118F221CE0086E066 /* verbatimTests-Info.plist */,
				C9B01B4218F221CE0086E066 /* InfoPlist.strings */,
				C9B01B4718F221CE0086E066 /* verbatimTests-Prefix.pch */,
			);
			name = "Supporting Files";
			sourceTree = "<group>";
		};
/* End PBXGroup section */

/* Begin PBXNativeTarget section */
		C9671B4118EA1BF0003E8450 /* verbatim */ = {
			isa = PBXNativeTarget;
			buildConfigurationList = C9671B6E18EA1BF0003E8450 /* Build configuration list for PBXNativeTarget "verbatim" */;
			buildPhases = (
				8E03D296D77D45DF953869DB /* Check Pods Manifest.lock */,
				C9671B3E18EA1BF0003E8450 /* Sources */,
				C9671B3F18EA1BF0003E8450 /* Frameworks */,
				C9671B4018EA1BF0003E8450 /* Resources */,
				04E3AB978348412294674957 /* Copy Pods Resources */,
			);
			buildRules = (
			);
			dependencies = (
			);
			name = verbatim;
			productName = verbatim;
			productReference = C9671B4218EA1BF0003E8450 /* verbatim.app */;
			productType = "com.apple.product-type.application";
		};
		C9B01B3A18F221CE0086E066 /* verbatimTests */ = {
			isa = PBXNativeTarget;
			buildConfigurationList = C9B01B4C18F221CE0086E066 /* Build configuration list for PBXNativeTarget "verbatimTests" */;
			buildPhases = (
				C9B01B3718F221CE0086E066 /* Sources */,
				C9B01B3818F221CE0086E066 /* Frameworks */,
				C9B01B3918F221CE0086E066 /* Resources */,
			);
			buildRules = (
			);
			dependencies = (
				C9B01B4918F221CE0086E066 /* PBXTargetDependency */,
			);
			name = verbatimTests;
			productName = verbatimTests;
			productReference = C9B01B3B18F221CE0086E066 /* verbatimTests.xctest */;
			productType = "com.apple.product-type.bundle.unit-test";
		};
/* End PBXNativeTarget section */

/* Begin PBXProject section */
		C9671B3A18EA1BF0003E8450 /* Project object */ = {
			isa = PBXProject;
			attributes = {
				CLASSPREFIX = VB;
				LastUpgradeCheck = 0510;
				ORGANIZATIONNAME = Verbatim;
				TargetAttributes = {
					C9B01B3A18F221CE0086E066 = {
						TestTargetID = C9671B4118EA1BF0003E8450;
					};
				};
			};
			buildConfigurationList = C9671B3D18EA1BF0003E8450 /* Build configuration list for PBXProject "verbatim" */;
			compatibilityVersion = "Xcode 3.2";
			developmentRegion = English;
			hasScannedForEncodings = 0;
			knownRegions = (
				en,
			);
			mainGroup = C9671B3918EA1BF0003E8450;
			productRefGroup = C9671B4318EA1BF0003E8450 /* Products */;
			projectDirPath = "";
			projectRoot = "";
			targets = (
				C9671B4118EA1BF0003E8450 /* verbatim */,
				C9B01B3A18F221CE0086E066 /* verbatimTests */,
			);
		};
/* End PBXProject section */

/* Begin PBXResourcesBuildPhase section */
		C9671B4018EA1BF0003E8450 /* Resources */ = {
			isa = PBXResourcesBuildPhase;
			buildActionMask = 2147483647;
			files = (
				9540B3A718FB19DE0031DF82 /* VBTranslationTitleView.xib in Resources */,
				C9671B5018EA1BF0003E8450 /* InfoPlist.strings in Resources */,
				9540B3A818FB19DE0031DF82 /* VBCheckinTitleView.xib in Resources */,
				9540B39218FB089F0031DF82 /* VBSourcesTitleView.xib in Resources */,
				C9671B5818EA1BF0003E8450 /* Images.xcassets in Resources */,
				C9671B9218EA1E2F003E8450 /* VBCaptionController.xib in Resources */,
				959B974818F3A30800F36182 /* VBNavigationController.xib in Resources */,
			);
			runOnlyForDeploymentPostprocessing = 0;
		};
		C9B01B3918F221CE0086E066 /* Resources */ = {
			isa = PBXResourcesBuildPhase;
			buildActionMask = 2147483647;
			files = (
				C9B01B4418F221CE0086E066 /* InfoPlist.strings in Resources */,
			);
			runOnlyForDeploymentPostprocessing = 0;
		};
/* End PBXResourcesBuildPhase section */

/* Begin PBXShellScriptBuildPhase section */
		04E3AB978348412294674957 /* Copy Pods Resources */ = {
			isa = PBXShellScriptBuildPhase;
			buildActionMask = 2147483647;
			files = (
			);
			inputPaths = (
			);
			name = "Copy Pods Resources";
			outputPaths = (
			);
			runOnlyForDeploymentPostprocessing = 0;
			shellPath = /bin/sh;
			shellScript = "\"${SRCROOT}/Pods/Pods-resources.sh\"\n";
			showEnvVarsInLog = 0;
		};
		8E03D296D77D45DF953869DB /* Check Pods Manifest.lock */ = {
			isa = PBXShellScriptBuildPhase;
			buildActionMask = 2147483647;
			files = (
			);
			inputPaths = (
			);
			name = "Check Pods Manifest.lock";
			outputPaths = (
			);
			runOnlyForDeploymentPostprocessing = 0;
			shellPath = /bin/sh;
			shellScript = "diff \"${PODS_ROOT}/../Podfile.lock\" \"${PODS_ROOT}/Manifest.lock\" > /dev/null\nif [[ $? != 0 ]] ; then\n    cat << EOM\nerror: The sandbox is not in sync with the Podfile.lock. Run 'pod install' or update your CocoaPods installation.\nEOM\n    exit 1\nfi\n";
			showEnvVarsInLog = 0;
		};
/* End PBXShellScriptBuildPhase section */

/* Begin PBXSourcesBuildPhase section */
		C9671B3E18EA1BF0003E8450 /* Sources */ = {
			isa = PBXSourcesBuildPhase;
			buildActionMask = 2147483647;
			files = (
				C94BF86818ED63DE00E2CCE7 /* VBVenue.m in Sources */,
				9540B3A918FB19DE0031DF82 /* VBCheckinTitleView.m in Sources */,
				C9671B9318EA1E2F003E8450 /* VBSpeechKit.m in Sources */,
				C9BC304318F68EFB0065EDA8 /* VBFoursquareObject.m in Sources */,
				C9B01B5218F27DFA0086E066 /* VBFoursquare.m in Sources */,
				C90F1E3918ED58E000F7503A /* VBWindow.m in Sources */,
				C90F1E3C18ED59F000F7503A /* VBColor.m in Sources */,
				9540B3A618FB19DE0031DF82 /* VBTranslationTitleView.m in Sources */,
				C9671B9118EA1E2F003E8450 /* VBCaptionController.m in Sources */,
				01634B1218F58CE1004AF981 /* VBPubSub.m in Sources */,
				C9671B5618EA1BF0003E8450 /* VBAppDelegate.m in Sources */,
				C9B01B5C18F3C6690086E066 /* VBInputSourceManager.m in Sources */,
				95744E7D18FAE2F500E7644D /* UIImage+Overlay.m in Sources */,
				95C75A1818FB22B100838D68 /* VBSourcesTitleView.m in Sources */,
				C90F1E3518ED49A900F7503A /* VBParse.m in Sources */,
				C9671B5218EA1BF0003E8450 /* main.m in Sources */,
				C9C56D0C18F403C2009FFB55 /* VBUser.m in Sources */,
				018F0A3218F9E41500C0BBAF /* VBHUD.m in Sources */,
				959B974718F3A30800F36182 /* VBNavigationController.m in Sources */,
			);
			runOnlyForDeploymentPostprocessing = 0;
		};
		C9B01B3718F221CE0086E066 /* Sources */ = {
			isa = PBXSourcesBuildPhase;
			buildActionMask = 2147483647;
			files = (
				C9BC304018F648E30065EDA8 /* VBUserTests.m in Sources */,
				C9B01B5818F286CB0086E066 /* VBFoursquareTests.m in Sources */,
				C9C56D0918F3DF73009FFB55 /* XCTestCase+AsyncTesting.m in Sources */,
				C957DFF318F9F9F1000E95CA /* VBVenueTest.m in Sources */,
			);
			runOnlyForDeploymentPostprocessing = 0;
		};
/* End PBXSourcesBuildPhase section */

/* Begin PBXTargetDependency section */
		C9B01B4918F221CE0086E066 /* PBXTargetDependency */ = {
			isa = PBXTargetDependency;
			target = C9671B4118EA1BF0003E8450 /* verbatim */;
			targetProxy = C9B01B4818F221CE0086E066 /* PBXContainerItemProxy */;
		};
/* End PBXTargetDependency section */

/* Begin PBXVariantGroup section */
		C9671B4E18EA1BF0003E8450 /* InfoPlist.strings */ = {
			isa = PBXVariantGroup;
			children = (
				C9671B4F18EA1BF0003E8450 /* en */,
			);
			name = InfoPlist.strings;
			sourceTree = "<group>";
		};
		C9B01B4218F221CE0086E066 /* InfoPlist.strings */ = {
			isa = PBXVariantGroup;
			children = (
				C9B01B4318F221CE0086E066 /* en */,
			);
			name = InfoPlist.strings;
			sourceTree = "<group>";
		};
/* End PBXVariantGroup section */

/* Begin XCBuildConfiguration section */
		C9671B6C18EA1BF0003E8450 /* Debug */ = {
			isa = XCBuildConfiguration;
			buildSettings = {
				ALWAYS_SEARCH_USER_PATHS = NO;
				CLANG_CXX_LANGUAGE_STANDARD = "gnu++0x";
				CLANG_CXX_LIBRARY = "libc++";
				CLANG_ENABLE_MODULES = YES;
				CLANG_ENABLE_OBJC_ARC = YES;
				CLANG_WARN_BOOL_CONVERSION = YES;
				CLANG_WARN_CONSTANT_CONVERSION = YES;
				CLANG_WARN_DIRECT_OBJC_ISA_USAGE = YES_ERROR;
				CLANG_WARN_EMPTY_BODY = YES;
				CLANG_WARN_ENUM_CONVERSION = YES;
				CLANG_WARN_INT_CONVERSION = YES;
				CLANG_WARN_OBJC_ROOT_CLASS = YES_ERROR;
				CLANG_WARN__DUPLICATE_METHOD_MATCH = YES;
				"CODE_SIGN_IDENTITY[sdk=iphoneos*]" = "iPhone Developer";
				COPY_PHASE_STRIP = NO;
				GCC_C_LANGUAGE_STANDARD = gnu99;
				GCC_DYNAMIC_NO_PIC = NO;
				GCC_OPTIMIZATION_LEVEL = 0;
				GCC_PREPROCESSOR_DEFINITIONS = (
					"DEBUG=1",
					"$(inherited)",
				);
				GCC_SYMBOLS_PRIVATE_EXTERN = NO;
				GCC_WARN_64_TO_32_BIT_CONVERSION = YES;
				GCC_WARN_ABOUT_RETURN_TYPE = YES_ERROR;
				GCC_WARN_UNDECLARED_SELECTOR = YES;
				GCC_WARN_UNINITIALIZED_AUTOS = YES_AGGRESSIVE;
				GCC_WARN_UNUSED_FUNCTION = YES;
				GCC_WARN_UNUSED_VARIABLE = YES;
				IPHONEOS_DEPLOYMENT_TARGET = 7.1;
				ONLY_ACTIVE_ARCH = YES;
				SDKROOT = iphoneos;
			};
			name = Debug;
		};
		C9671B6D18EA1BF0003E8450 /* Release */ = {
			isa = XCBuildConfiguration;
			buildSettings = {
				ALWAYS_SEARCH_USER_PATHS = NO;
				CLANG_CXX_LANGUAGE_STANDARD = "gnu++0x";
				CLANG_CXX_LIBRARY = "libc++";
				CLANG_ENABLE_MODULES = YES;
				CLANG_ENABLE_OBJC_ARC = YES;
				CLANG_WARN_BOOL_CONVERSION = YES;
				CLANG_WARN_CONSTANT_CONVERSION = YES;
				CLANG_WARN_DIRECT_OBJC_ISA_USAGE = YES_ERROR;
				CLANG_WARN_EMPTY_BODY = YES;
				CLANG_WARN_ENUM_CONVERSION = YES;
				CLANG_WARN_INT_CONVERSION = YES;
				CLANG_WARN_OBJC_ROOT_CLASS = YES_ERROR;
				CLANG_WARN__DUPLICATE_METHOD_MATCH = YES;
				"CODE_SIGN_IDENTITY[sdk=iphoneos*]" = "iPhone Developer";
				COPY_PHASE_STRIP = YES;
				ENABLE_NS_ASSERTIONS = NO;
				GCC_C_LANGUAGE_STANDARD = gnu99;
				GCC_WARN_64_TO_32_BIT_CONVERSION = YES;
				GCC_WARN_ABOUT_RETURN_TYPE = YES_ERROR;
				GCC_WARN_UNDECLARED_SELECTOR = YES;
				GCC_WARN_UNINITIALIZED_AUTOS = YES_AGGRESSIVE;
				GCC_WARN_UNUSED_FUNCTION = YES;
				GCC_WARN_UNUSED_VARIABLE = YES;
				IPHONEOS_DEPLOYMENT_TARGET = 7.1;
				SDKROOT = iphoneos;
				VALIDATE_PRODUCT = YES;
			};
			name = Release;
		};
		C9671B6F18EA1BF0003E8450 /* Debug */ = {
			isa = XCBuildConfiguration;
			baseConfigurationReference = 5C0E8333783943969D40AD4C /* Pods.xcconfig */;
			buildSettings = {
				ASSETCATALOG_COMPILER_APPICON_NAME = AppIcon;
				ASSETCATALOG_COMPILER_LAUNCHIMAGE_NAME = LaunchImage;
				FRAMEWORK_SEARCH_PATHS = (
					"$(inherited)",
					"$(PROJECT_DIR)/Frameworks",
				);
				GCC_PRECOMPILE_PREFIX_HEADER = YES;
				GCC_PREFIX_HEADER = "verbatim/verbatim-Prefix.pch";
				INFOPLIST_FILE = "verbatim/verbatim-Info.plist";
				OTHER_LDFLAGS = (
					"-framework",
					CoreGraphics,
					"-framework",
					MobileCoreServices,
					"-framework",
					Security,
					"-framework",
					SystemConfiguration,
				);
				PRODUCT_NAME = "$(TARGET_NAME)";
				WRAPPER_EXTENSION = app;
			};
			name = Debug;
		};
		C9671B7018EA1BF0003E8450 /* Release */ = {
			isa = XCBuildConfiguration;
			baseConfigurationReference = 5C0E8333783943969D40AD4C /* Pods.xcconfig */;
			buildSettings = {
				ASSETCATALOG_COMPILER_APPICON_NAME = AppIcon;
				ASSETCATALOG_COMPILER_LAUNCHIMAGE_NAME = LaunchImage;
				FRAMEWORK_SEARCH_PATHS = (
					"$(inherited)",
					"$(PROJECT_DIR)/Frameworks",
				);
				GCC_PRECOMPILE_PREFIX_HEADER = YES;
				GCC_PREFIX_HEADER = "verbatim/verbatim-Prefix.pch";
				INFOPLIST_FILE = "verbatim/verbatim-Info.plist";
				OTHER_LDFLAGS = (
					"-framework",
					CoreGraphics,
					"-framework",
					MobileCoreServices,
					"-framework",
					Security,
					"-framework",
					SystemConfiguration,
				);
				PRODUCT_NAME = "$(TARGET_NAME)";
				WRAPPER_EXTENSION = app;
			};
			name = Release;
		};
		C9B01B4A18F221CE0086E066 /* Debug */ = {
			isa = XCBuildConfiguration;
			buildSettings = {
				BUNDLE_LOADER = "$(BUILT_PRODUCTS_DIR)/verbatim.app/verbatim";
				FRAMEWORK_SEARCH_PATHS = (
					"$(SDKROOT)/Developer/Library/Frameworks",
					"$(inherited)",
					"$(DEVELOPER_FRAMEWORKS_DIR)",
					"$(PROJECT_DIR)/Frameworks",
				);
				GCC_PRECOMPILE_PREFIX_HEADER = YES;
				GCC_PREFIX_HEADER = "verbatimTests/verbatimTests-Prefix.pch";
				GCC_PREPROCESSOR_DEFINITIONS = (
					"DEBUG=1",
					"$(inherited)",
				);
				INFOPLIST_FILE = "verbatimTests/verbatimTests-Info.plist";
				LIBRARY_SEARCH_PATHS = "$(inherited)";
				PRODUCT_NAME = "$(TARGET_NAME)";
				TEST_HOST = "$(BUNDLE_LOADER)";
				WRAPPER_EXTENSION = xctest;
			};
			name = Debug;
		};
		C9B01B4B18F221CE0086E066 /* Release */ = {
			isa = XCBuildConfiguration;
			buildSettings = {
				BUNDLE_LOADER = "$(BUILT_PRODUCTS_DIR)/verbatim.app/verbatim";
				FRAMEWORK_SEARCH_PATHS = (
					"$(SDKROOT)/Developer/Library/Frameworks",
					"$(inherited)",
					"$(DEVELOPER_FRAMEWORKS_DIR)",
					"$(PROJECT_DIR)/Frameworks",
				);
				GCC_PRECOMPILE_PREFIX_HEADER = YES;
				GCC_PREFIX_HEADER = "verbatimTests/verbatimTests-Prefix.pch";
				INFOPLIST_FILE = "verbatimTests/verbatimTests-Info.plist";
				LIBRARY_SEARCH_PATHS = "$(inherited)";
				PRODUCT_NAME = "$(TARGET_NAME)";
				TEST_HOST = "$(BUNDLE_LOADER)";
				WRAPPER_EXTENSION = xctest;
			};
			name = Release;
		};
/* End XCBuildConfiguration section */

/* Begin XCConfigurationList section */
		C9671B3D18EA1BF0003E8450 /* Build configuration list for PBXProject "verbatim" */ = {
			isa = XCConfigurationList;
			buildConfigurations = (
				C9671B6C18EA1BF0003E8450 /* Debug */,
				C9671B6D18EA1BF0003E8450 /* Release */,
			);
			defaultConfigurationIsVisible = 0;
			defaultConfigurationName = Release;
		};
		C9671B6E18EA1BF0003E8450 /* Build configuration list for PBXNativeTarget "verbatim" */ = {
			isa = XCConfigurationList;
			buildConfigurations = (
				C9671B6F18EA1BF0003E8450 /* Debug */,
				C9671B7018EA1BF0003E8450 /* Release */,
			);
			defaultConfigurationIsVisible = 0;
			defaultConfigurationName = Release;
		};
		C9B01B4C18F221CE0086E066 /* Build configuration list for PBXNativeTarget "verbatimTests" */ = {
			isa = XCConfigurationList;
			buildConfigurations = (
				C9B01B4A18F221CE0086E066 /* Debug */,
				C9B01B4B18F221CE0086E066 /* Release */,
			);
			defaultConfigurationIsVisible = 0;
			defaultConfigurationName = Release;
		};
/* End XCConfigurationList section */
	};
	rootObject = C9671B3A18EA1BF0003E8450 /* Project object */;
}
